
Microsoft Visual Studio Solution File, Format Version 12.00
# Visual Studio Version 17
VisualStudioVersion = 17.14.36121.58 d17.14
MinimumVisualStudioVersion = 10.0.40219.1
Project("{FAE04EC0-301F-11D3-BF4B-00C04F79EFBC}") = "mym_softcom", "mym_softcom.csproj", "{11D81A69-7CA6-4D5D-BFCD-701C716239BC}"
EndProject
Global
	GlobalSection(SolutionConfigurationPlatforms) = preSolution
		Debug|Any CPU = Debug|Any CPU
		Release|Any CPU = Release|Any CPU
	EndGlobalSection
	GlobalSection(ProjectConfigurationPlatforms) = postSolution
		{11D81A69-7CA6-4D5D-BFCD-701C716239BC}.Debug|Any CPU.ActiveCfg = Debug|Any CPU
		{11D81A69-7CA6-4D5D-BFCD-701C716239BC}.Debug|Any CPU.Build.0 = Debug|Any CPU
		{11D81A69-7CA6-4D5D-BFCD-701C716239BC}.Release|Any CPU.ActiveCfg = Release|Any CPU
		{11D81A69-7CA6-4D5D-BFCD-701C716239BC}.Release|Any CPU.Build.0 = Release|Any CPU
	EndGlobalSection
	GlobalSection(SolutionProperties) = preSolution
		HideSolutionNode = FALSE
	EndGlobalSection
	GlobalSection(ExtensibilityGlobals) = postSolution
		SolutionGuid = {54B4DD69-9C08-4535-AC5A-D64499E53CA6}
	EndGlobalSection
EndGlobal
