
Microsoft Visual Studio Solution File, Format Version 12.00
# Visual Studio Version 17
VisualStudioVersion = 17.14.36121.58 d17.14
MinimumVisualStudioVersion = 10.0.40219.1
Project("{FAE04EC0-301F-11D3-BF4B-00C04F79EFBC}") = "mym_softcom", "mym_softcom.csproj", "{E334AB2D-6DBB-4557-BA7E-7C0E40C37B1E}"
EndProject
Global
	GlobalSection(SolutionConfigurationPlatforms) = preSolution
		Debug|Any CPU = Debug|Any CPU
		Release|Any CPU = Release|Any CPU
	EndGlobalSection
	GlobalSection(ProjectConfigurationPlatforms) = postSolution
		{E334AB2D-6DBB-4557-BA7E-7C0E40C37B1E}.Debug|Any CPU.ActiveCfg = Debug|Any CPU
		{E334AB2D-6DBB-4557-BA7E-7C0E40C37B1E}.Debug|Any CPU.Build.0 = Debug|Any CPU
		{E334AB2D-6DBB-4557-BA7E-7C0E40C37B1E}.Release|Any CPU.ActiveCfg = Release|Any CPU
		{E334AB2D-6DBB-4557-BA7E-7C0E40C37B1E}.Release|Any CPU.Build.0 = Release|Any CPU
	EndGlobalSection
	GlobalSection(SolutionProperties) = preSolution
		HideSolutionNode = FALSE
	EndGlobalSection
	GlobalSection(ExtensibilityGlobals) = postSolution
		SolutionGuid = {88D53514-8A9B-4D02-B76C-49F881D17B32}
	EndGlobalSection
EndGlobal
